
Microsoft Visual Studio Solution File, Format Version 12.00
# Visual Studio Version 16
VisualStudioVersion = 16.0.29326.143
MinimumVisualStudioVersion = 10.0.40219.1
Project("{FAE04EC0-301F-11D3-BF4B-00C04F79EFBC}") = "MvcMovies", "MvcMovies\MvcMovies.csproj", "{8759DD04-7523-4CA4-9A35-8F9F9BB8E452}"
EndProject
Global
	GlobalSection(SolutionConfigurationPlatforms) = preSolution
		Debug|Any CPU = Debug|Any CPU
		Release|Any CPU = Release|Any CPU
	EndGlobalSection
	GlobalSection(ProjectConfigurationPlatforms) = postSolution
		{8759DD04-7523-4CA4-9A35-8F9F9BB8E452}.Debug|Any CPU.ActiveCfg = Debug|Any CPU
		{8759DD04-7523-4CA4-9A35-8F9F9BB8E452}.Debug|Any CPU.Build.0 = Debug|Any CPU
		{8759DD04-7523-4CA4-9A35-8F9F9BB8E452}.Release|Any CPU.ActiveCfg = Release|Any CPU
		{8759DD04-7523-4CA4-9A35-8F9F9BB8E452}.Release|Any CPU.Build.0 = Release|Any CPU
	EndGlobalSection
	GlobalSection(SolutionProperties) = preSolution
		HideSolutionNode = FALSE
	EndGlobalSection
	GlobalSection(ExtensibilityGlobals) = postSolution
		SolutionGuid = {E6972468-64F2-4A0F-A0EE-43CE1C6395EE}
	EndGlobalSection
EndGlobal
